Microsoft Visual Studio Solution File, Format Version 12.00
# Visual Studio Version 17
VisualStudioVersion = 17.5.2.0
MinimumVisualStudioVersion = 10.0.40219.1
Project("{FAE04EC0-301F-11D3-BF4B-00C04F79EFBC}") = "miesto-meras", "miesto-meras.csproj", "{2D49A06E-B92C-772C-439A-AB86975ECB76}"
EndProject
Project("{FAE04EC0-301F-11D3-BF4B-00C04F79EFBC}") = "miesto-meras.Tests", "miesto-meras.Tests\miesto-meras.Tests.csproj", "{704D8267-1174-48B3-AF72-E4D37D0A84A0}"
EndProject
Global
	GlobalSection(SolutionConfigurationPlatforms) = preSolution
		Debug|Any CPU = Debug|Any CPU
		Release|Any CPU = Release|Any CPU
	EndGlobalSection
	GlobalSection(ProjectConfigurationPlatforms) = postSolution
		{2D49A06E-B92C-772C-439A-AB86975ECB76}.Debug|Any CPU.ActiveCfg = Debug|Any CPU
		{2D49A06E-B92C-772C-439A-AB86975ECB76}.Debug|Any CPU.Build.0 = Debug|Any CPU
		{2D49A06E-B92C-772C-439A-AB86975ECB76}.Release|Any CPU.ActiveCfg = Release|Any CPU
		{2D49A06E-B92C-772C-439A-AB86975ECB76}.Release|Any CPU.Build.0 = Release|Any CPU
		{9E726BF3-C423-44C5-85BA-C4BE7FB01E50}.Debug|Any CPU.ActiveCfg = Debug|Any CPU
		{9E726BF3-C423-44C5-85BA-C4BE7FB01E50}.Debug|Any CPU.Build.0 = Debug|Any CPU
		{9E726BF3-C423-44C5-85BA-C4BE7FB01E50}.Release|Any CPU.ActiveCfg = Release|Any CPU
		{9E726BF3-C423-44C5-85BA-C4BE7FB01E50}.Release|Any CPU.Build.0 = Release|Any CPU
		{704D8267-1174-48B3-AF72-E4D37D0A84A0}.Debug|Any CPU.ActiveCfg = Debug|Any CPU
		{704D8267-1174-48B3-AF72-E4D37D0A84A0}.Debug|Any CPU.Build.0 = Debug|Any CPU
		{704D8267-1174-48B3-AF72-E4D37D0A84A0}.Release|Any CPU.ActiveCfg = Release|Any CPU
		{704D8267-1174-48B3-AF72-E4D37D0A84A0}.Release|Any CPU.Build.0 = Release|Any CPU
	EndGlobalSection
	GlobalSection(SolutionProperties) = preSolution
		HideSolutionNode = FALSE
	EndGlobalSection
	GlobalSection(ExtensibilityGlobals) = postSolution
		SolutionGuid = {487AC9CD-2117-410E-BDBB-30AD187A7ADA}
	EndGlobalSection
EndGlobal
